
Microsoft Visual Studio Solution File, Format Version 12.00
# Visual Studio 15
VisualStudioVersion = 15.0.28307.1972
MinimumVisualStudioVersion = 10.0.40219.1
Project("{FAE04EC0-301F-11D3-BF4B-00C04F79EFBC}") = "Tremors", "Tremors\Tremors.csproj", "{6E46B868-90CE-41F5-B9B3-826B72F6538D}"
EndProject
Global
	GlobalSection(SolutionConfigurationPlatforms) = preSolution
		Debug|Any CPU = Debug|Any CPU
		Release|Any CPU = Release|Any CPU
	EndGlobalSection
	GlobalSection(ProjectConfigurationPlatforms) = postSolution
		{6E46B868-90CE-41F5-B9B3-826B72F6538D}.Debug|Any CPU.ActiveCfg = Debug|Any CPU
		{6E46B868-90CE-41F5-B9B3-826B72F6538D}.Debug|Any CPU.Build.0 = Debug|Any CPU
		{6E46B868-90CE-41F5-B9B3-826B72F6538D}.Release|Any CPU.ActiveCfg = Release|Any CPU
		{6E46B868-90CE-41F5-B9B3-826B72F6538D}.Release|Any CPU.Build.0 = Release|Any CPU
	EndGlobalSection
	GlobalSection(SolutionProperties) = preSolution
		HideSolutionNode = FALSE
	EndGlobalSection
	GlobalSection(ExtensibilityGlobals) = postSolution
		SolutionGuid = {E51D6AE8-431B-4BB4-9583-6762685C669C}
	EndGlobalSection
EndGlobal
