
Microsoft Visual Studio Solution File, Format Version 12.00
# Visual Studio 15
VisualStudioVersion = 15.0.28307.1972
MinimumVisualStudioVersion = 10.0.40219.1
Project("{54435603-DBB4-11D2-8724-00A0C9A8B90C}") = "iAirGesture", "iAirGesture\iAirGesture.vdproj", "{35E79F95-B90E-4AA7-B5F3-F72B55A7D1C5}"
EndProject
Global
	GlobalSection(SolutionConfigurationPlatforms) = preSolution
		Debug|Default = Debug|Default
		Release|Default = Release|Default
	EndGlobalSection
	GlobalSection(ProjectConfigurationPlatforms) = postSolution
		{35E79F95-B90E-4AA7-B5F3-F72B55A7D1C5}.Debug|Default.ActiveCfg = Debug
		{35E79F95-B90E-4AA7-B5F3-F72B55A7D1C5}.Debug|Default.Build.0 = Debug
		{35E79F95-B90E-4AA7-B5F3-F72B55A7D1C5}.Release|Default.ActiveCfg = Release
		{35E79F95-B90E-4AA7-B5F3-F72B55A7D1C5}.Release|Default.Build.0 = Release
	EndGlobalSection
	GlobalSection(SolutionProperties) = preSolution
		HideSolutionNode = FALSE
	EndGlobalSection
	GlobalSection(ExtensibilityGlobals) = postSolution
		SolutionGuid = {5AE773A2-1231-4E02-94EC-E03D531387F0}
	EndGlobalSection
EndGlobal
